
Microsoft Visual Studio Solution File, Format Version 12.00
# Visual Studio Version 17
VisualStudioVersion = 17.11.35303.130
MinimumVisualStudioVersion = 10.0.40219.1
Project("{FAE04EC0-301F-11D3-BF4B-00C04F79EFBC}") = "GitHubLektion1", "GitHubLektion1.csproj", "{4F1F646A-CBFA-4955-9972-9C022F508BEC}"
EndProject
Global
	GlobalSection(SolutionConfigurationPlatforms) = preSolution
		Debug|Any CPU = Debug|Any CPU
		Release|Any CPU = Release|Any CPU
	EndGlobalSection
	GlobalSection(ProjectConfigurationPlatforms) = postSolution
		{4F1F646A-CBFA-4955-9972-9C022F508BEC}.Debug|Any CPU.ActiveCfg = Debug|Any CPU
		{4F1F646A-CBFA-4955-9972-9C022F508BEC}.Debug|Any CPU.Build.0 = Debug|Any CPU
		{4F1F646A-CBFA-4955-9972-9C022F508BEC}.Release|Any CPU.ActiveCfg = Release|Any CPU
		{4F1F646A-CBFA-4955-9972-9C022F508BEC}.Release|Any CPU.Build.0 = Release|Any CPU
	EndGlobalSection
	GlobalSection(SolutionProperties) = preSolution
		HideSolutionNode = FALSE
	EndGlobalSection
	GlobalSection(ExtensibilityGlobals) = postSolution
		SolutionGuid = {7B513BF9-83E3-4516-9CA0-79F14ED84CED}
	EndGlobalSection
EndGlobal
